// !$*UTF8*$!
{
	archiveVersion = 1;
	classes = {
	};
	objectVersion = 46;
	objects = {

/* Begin PBXBuildFile section */
		390D1401D24CA0F99CAE27EE /* Pods_CardScreen.framework in Frameworks */ = {isa = PBXBuildFile; fileRef = C8E0480319887C184DFA2278 /* Pods_CardScreen.framework */; };
		F92A707B1C45211D00931709 /* placeholder.png in Resources */ = {isa = PBXBuildFile; fileRef = F92A70781C45211D00931709 /* placeholder.png */; };
		F92A707C1C45211D00931709 /* placeholder@2x.png in Resources */ = {isa = PBXBuildFile; fileRef = F92A70791C45211D00931709 /* placeholder@2x.png */; };
		F92A707D1C45211D00931709 /* placeholder@3x.png in Resources */ = {isa = PBXBuildFile; fileRef = F92A707A1C45211D00931709 /* placeholder@3x.png */; };
		F92A707F1C45213C00931709 /* image.png in Resources */ = {isa = PBXBuildFile; fileRef = F92A707E1C45213C00931709 /* image.png */; };
		F92A70851C45251900931709 /* card-data.plist in Resources */ = {isa = PBXBuildFile; fileRef = F92A70841C45251900931709 /* card-data.plist */; };
		F92A70891C45295B00931709 /* ListViewController.swift in Sources */ = {isa = PBXBuildFile; fileRef = F92A70881C45295B00931709 /* ListViewController.swift */; };
		F92A708B1C452A3D00931709 /* CheckListProvider.swift in Sources */ = {isa = PBXBuildFile; fileRef = F92A708A1C452A3D00931709 /* CheckListProvider.swift */; };
		F92A708D1C454ABC00931709 /* CardItem.swift in Sources */ = {isa = PBXBuildFile; fileRef = F92A708C1C454ABC00931709 /* CardItem.swift */; };
		F9DECA3B1C44F7B600011C48 /* AppDelegate.swift in Sources */ = {isa = PBXBuildFile; fileRef = F9DECA3A1C44F7B600011C48 /* AppDelegate.swift */; };
		F9DECA3D1C44F7B600011C48 /* CardViewController.swift in Sources */ = {isa = PBXBuildFile; fileRef = F9DECA3C1C44F7B600011C48 /* CardViewController.swift */; };
		F9DECA401C44F7B600011C48 /* Main.storyboard in Resources */ = {isa = PBXBuildFile; fileRef = F9DECA3E1C44F7B600011C48 /* Main.storyboard */; };
		F9DECA421C44F7B600011C48 /* Assets.xcassets in Resources */ = {isa = PBXBuildFile; fileRef = F9DECA411C44F7B600011C48 /* Assets.xcassets */; };
		F9DECA451C44F7B600011C48 /* LaunchScreen.storyboard in Resources */ = {isa = PBXBuildFile; fileRef = F9DECA431C44F7B600011C48 /* LaunchScreen.storyboard */; };
		F9DECA501C44F7B700011C48 /* CardScreenTests.swift in Sources */ = {isa = PBXBuildFile; fileRef = F9DECA4F1C44F7B700011C48 /* CardScreenTests.swift */; };
		F9DECA5B1C44F7B700011C48 /* CardScreenUITests.swift in Sources */ = {isa = PBXBuildFile; fileRef = F9DECA5A1C44F7B700011C48 /* CardScreenUITests.swift */; };
/* End PBXBuildFile section */

/* Begin PBXContainerItemProxy section */
		F9DECA4C1C44F7B700011C48 /* PBXContainerItemProxy */ = {
			isa = PBXContainerItemProxy;
			containerPortal = F9DECA2F1C44F7B600011C48 /* Project object */;
			proxyType = 1;
			remoteGlobalIDString = F9DECA361C44F7B600011C48;
			remoteInfo = CardScreen;
		};
		F9DECA571C44F7B700011C48 /* PBXContainerItemProxy */ = {
			isa = PBXContainerItemProxy;
			containerPortal = F9DECA2F1C44F7B600011C48 /* Project object */;
			proxyType = 1;
			remoteGlobalIDString = F9DECA361C44F7B600011C48;
			remoteInfo = CardScreen;
		};
/* End PBXContainerItemProxy section */

/* Begin PBXFileReference section */
		365AF6A0A6ABB756BC00DA9E /* Pods-CardScreen.release.xcconfig */ = {isa = PBXFileReference; includeInIndex = 1; lastKnownFileType = text.xcconfig; name = "Pods-CardScreen.release.xcconfig"; path = "Pods/Target Support Files/Pods-CardScreen/Pods-CardScreen.release.xcconfig"; sourceTree = "<group>"; };
		823BFE6EAE1B003910864791 /* Pods-CardScreen.debug.xcconfig */ = {isa = PBXFileReference; includeInIndex = 1; lastKnownFileType = text.xcconfig; name = "Pods-CardScreen.debug.xcconfig"; path = "Pods/Target Support Files/Pods-CardScreen/Pods-CardScreen.debug.xcconfig"; sourceTree = "<group>"; };
		C8E0480319887C184DFA2278 /* Pods_CardScreen.framework */ = {isa = PBXFileReference; explicitFileType = wrapper.framework; includeInIndex = 0; path = Pods_CardScreen.framework; sourceTree = BUILT_PRODUCTS_DIR; };
		F92A70781C45211D00931709 /* placeholder.png */ = {isa = PBXFileReference; lastKnownFileType = image.png; path = placeholder.png; sourceTree = "<group>"; };
		F92A70791C45211D00931709 /* placeholder@2x.png */ = {isa = PBXFileReference; lastKnownFileType = image.png; path = "placeholder@2x.png"; sourceTree = "<group>"; };
		F92A707A1C45211D00931709 /* placeholder@3x.png */ = {isa = PBXFileReference; lastKnownFileType = image.png; path = "placeholder@3x.png"; sourceTree = "<group>"; };
		F92A707E1C45213C00931709 /* image.png */ = {isa = PBXFileReference; lastKnownFileType = image.png; path = image.png; sourceTree = "<group>"; };
		F92A70841C45251900931709 /* card-data.plist */ = {isa = PBXFileReference; fileEncoding = 4; lastKnownFileType = text.plist.xml; path = "card-data.plist"; sourceTree = "<group>"; };
		F92A70881C45295B00931709 /* ListViewController.swift */ = {isa = PBXFileReference; fileEncoding = 4; lastKnownFileType = sourcecode.swift; path = ListViewController.swift; sourceTree = "<group>"; };
		F92A708A1C452A3D00931709 /* CheckListProvider.swift */ = {isa = PBXFileReference; fileEncoding = 4; lastKnownFileType = sourcecode.swift; path = CheckListProvider.swift; sourceTree = "<group>"; };
		F92A708C1C454ABC00931709 /* CardItem.swift */ = {isa = PBXFileReference; fileEncoding = 4; lastKnownFileType = sourcecode.swift; path = CardItem.swift; sourceTree = "<group>"; };
		F9DECA371C44F7B600011C48 /* CardScreen.app */ = {isa = PBXFileReference; explicitFileType = wrapper.application; includeInIndex = 0; path = CardScreen.app; sourceTree = BUILT_PRODUCTS_DIR; };
		F9DECA3A1C44F7B600011C48 /* AppDelegate.swift */ = {isa = PBXFileReference; lastKnownFileType = sourcecode.swift; path = AppDelegate.swift; sourceTree = "<group>"; };
		F9DECA3C1C44F7B600011C48 /* CardViewController.swift */ = {isa = PBXFileReference; lastKnownFileType = sourcecode.swift; name = CardViewController.swift; path = ../CardViewController.swift; sourceTree = "<group>"; };
		F9DECA3F1C44F7B600011C48 /* Base */ = {isa = PBXFileReference; lastKnownFileType = file.storyboard; name = Base; path = Base.lproj/Main.storyboard; sourceTree = "<group>"; };
		F9DECA411C44F7B600011C48 /* Assets.xcassets */ = {isa = PBXFileReference; lastKnownFileType = folder.assetcatalog; name = Assets.xcassets; path = ../Assets.xcassets; sourceTree = "<group>"; };
		F9DECA441C44F7B600011C48 /* Base */ = {isa = PBXFileReference; lastKnownFileType = file.storyboard; name = Base; path = Base.lproj/LaunchScreen.storyboard; sourceTree = "<group>"; };
		F9DECA461C44F7B600011C48 /* Info.plist */ = {isa = PBXFileReference; lastKnownFileType = text.plist.xml; path = Info.plist; sourceTree = "<group>"; };
		F9DECA4B1C44F7B700011C48 /* CardScreenTests.xctest */ = {isa = PBXFileReference; explicitFileType = wrapper.cfbundle; includeInIndex = 0; path = CardScreenTests.xctest; sourceTree = BUILT_PRODUCTS_DIR; };
		F9DECA4F1C44F7B700011C48 /* CardScreenTests.swift */ = {isa = PBXFileReference; lastKnownFileType = sourcecode.swift; path = CardScreenTests.swift; sourceTree = "<group>"; };
		F9DECA511C44F7B700011C48 /* Info.plist */ = {isa = PBXFileReference; lastKnownFileType = text.plist.xml; path = Info.plist; sourceTree = "<group>"; };
		F9DECA561C44F7B700011C48 /* CardScreenUITests.xctest */ = {isa = PBXFileReference; explicitFileType = wrapper.cfbundle; includeInIndex = 0; path = CardScreenUITests.xctest; sourceTree = BUILT_PRODUCTS_DIR; };
		F9DECA5A1C44F7B700011C48 /* CardScreenUITests.swift */ = {isa = PBXFileReference; lastKnownFileType = sourcecode.swift; path = CardScreenUITests.swift; sourceTree = "<group>"; };
		F9DECA5C1C44F7B700011C48 /* Info.plist */ = {isa = PBXFileReference; lastKnownFileType = text.plist.xml; path = Info.plist; sourceTree = "<group>"; };
/* End PBXFileReference section */

/* Begin PBXFrameworksBuildPhase section */
		F9DECA341C44F7B600011C48 /* Frameworks */ = {
			isa = PBXFrameworksBuildPhase;
			buildActionMask = 2147483647;
			files = (
				390D1401D24CA0F99CAE27EE /* Pods_CardScreen.framework in Frameworks */,
			);
			runOnlyForDeploymentPostprocessing = 0;
		};
		F9DECA481C44F7B700011C48 /* Frameworks */ = {
			isa = PBXFrameworksBuildPhase;
			buildActionMask = 2147483647;
			files = (
			);
			runOnlyForDeploymentPostprocessing = 0;
		};
		F9DECA531C44F7B700011C48 /* Frameworks */ = {
			isa = PBXFrameworksBuildPhase;
			buildActionMask = 2147483647;
			files = (
			);
			runOnlyForDeploymentPostprocessing = 0;
		};
/* End PBXFrameworksBuildPhase section */

/* Begin PBXGroup section */
		1B7A3400946CFBADA1533E60 /* Frameworks */ = {
			isa = PBXGroup;
			children = (
				C8E0480319887C184DFA2278 /* Pods_CardScreen.framework */,
			);
			name = Frameworks;
			sourceTree = "<group>";
		};
		7CAFD4AC40B4F43E01AE5FE1 /* Pods */ = {
			isa = PBXGroup;
			children = (
				823BFE6EAE1B003910864791 /* Pods-CardScreen.debug.xcconfig */,
				365AF6A0A6ABB756BC00DA9E /* Pods-CardScreen.release.xcconfig */,
			);
			name = Pods;
			sourceTree = "<group>";
		};
		F92A70771C45211D00931709 /* Images */ = {
			isa = PBXGroup;
			children = (
				F92A707E1C45213C00931709 /* image.png */,
				F92A70781C45211D00931709 /* placeholder.png */,
				F92A70791C45211D00931709 /* placeholder@2x.png */,
				F92A707A1C45211D00931709 /* placeholder@3x.png */,
			);
			path = Images;
			sourceTree = "<group>";
		};
		F92A70801C4523B700931709 /* View */ = {
			isa = PBXGroup;
			children = (
				F9DECA3E1C44F7B600011C48 /* Main.storyboard */,
				F9DECA431C44F7B600011C48 /* LaunchScreen.storyboard */,
			);
			path = View;
			sourceTree = "<group>";
		};
		F92A70821C4523D300931709 /* Controller */ = {
			isa = PBXGroup;
			children = (
				F9DECA3C1C44F7B600011C48 /* CardViewController.swift */,
				F92A70881C45295B00931709 /* ListViewController.swift */,
			);
			path = Controller;
			sourceTree = "<group>";
		};
		F92A70831C4523DA00931709 /* Model */ = {
			isa = PBXGroup;
			children = (
				F92A708A1C452A3D00931709 /* CheckListProvider.swift */,
				F92A708C1C454ABC00931709 /* CardItem.swift */,
			);
			path = Model;
			sourceTree = "<group>";
		};
		F9DECA2E1C44F7B600011C48 = {
			isa = PBXGroup;
			children = (
				F9DECA391C44F7B600011C48 /* CardScreen */,
				F9DECA4E1C44F7B700011C48 /* CardScreenTests */,
				F9DECA591C44F7B700011C48 /* CardScreenUITests */,
				F9DECA381C44F7B600011C48 /* Products */,
				7CAFD4AC40B4F43E01AE5FE1 /* Pods */,
				1B7A3400946CFBADA1533E60 /* Frameworks */,
			);
			sourceTree = "<group>";
		};
		F9DECA381C44F7B600011C48 /* Products */ = {
			isa = PBXGroup;
			children = (
				F9DECA371C44F7B600011C48 /* CardScreen.app */,
				F9DECA4B1C44F7B700011C48 /* CardScreenTests.xctest */,
				F9DECA561C44F7B700011C48 /* CardScreenUITests.xctest */,
			);
			name = Products;
			sourceTree = "<group>";
		};
		F9DECA391C44F7B600011C48 /* CardScreen */ = {
			isa = PBXGroup;
			children = (
				F92A70831C4523DA00931709 /* Model */,
				F92A70821C4523D300931709 /* Controller */,
				F92A70801C4523B700931709 /* View */,
				F9DECA6A1C4500D900011C48 /* Resources */,
				F9DECA3A1C44F7B600011C48 /* AppDelegate.swift */,
				F9DECA461C44F7B600011C48 /* Info.plist */,
			);
			path = CardScreen;
			sourceTree = "<group>";
		};
		F9DECA4E1C44F7B700011C48 /* CardScreenTests */ = {
			isa = PBXGroup;
			children = (
				F9DECA4F1C44F7B700011C48 /* CardScreenTests.swift */,
				F9DECA511C44F7B700011C48 /* Info.plist */,
			);
			path = CardScreenTests;
			sourceTree = "<group>";
		};
		F9DECA591C44F7B700011C48 /* CardScreenUITests */ = {
			isa = PBXGroup;
			children = (
				F9DECA5A1C44F7B700011C48 /* CardScreenUITests.swift */,
				F9DECA5C1C44F7B700011C48 /* Info.plist */,
			);
			path = CardScreenUITests;
			sourceTree = "<group>";
		};
		F9DECA6A1C4500D900011C48 /* Resources */ = {
			isa = PBXGroup;
			children = (
				F9DECA411C44F7B600011C48 /* Assets.xcassets */,
				F92A70771C45211D00931709 /* Images */,
				F92A70841C45251900931709 /* card-data.plist */,
			);
			path = Resources;
			sourceTree = "<group>";
		};
/* End PBXGroup section */

/* Begin PBXNativeTarget section */
		F9DECA361C44F7B600011C48 /* CardScreen */ = {
			isa = PBXNativeTarget;
			buildConfigurationList = F9DECA5F1C44F7B700011C48 /* Build configuration list for PBXNativeTarget "CardScreen" */;
			buildPhases = (
				C84BE7AB0F047E201E070BBA /* Check Pods Manifest.lock */,
				F9DECA331C44F7B600011C48 /* Sources */,
				F9DECA341C44F7B600011C48 /* Frameworks */,
				F9DECA351C44F7B600011C48 /* Resources */,
				7B72098FF5659086A571CF41 /* Embed Pods Frameworks */,
				7D7F6D0108586D4CD8F028FB /* Copy Pods Resources */,
			);
			buildRules = (
			);
			dependencies = (
			);
			name = CardScreen;
			productName = CardScreen;
			productReference = F9DECA371C44F7B600011C48 /* CardScreen.app */;
			productType = "com.apple.product-type.application";
		};
		F9DECA4A1C44F7B700011C48 /* CardScreenTests */ = {
			isa = PBXNativeTarget;
			buildConfigurationList = F9DECA621C44F7B700011C48 /* Build configuration list for PBXNativeTarget "CardScreenTests" */;
			buildPhases = (
				F9DECA471C44F7B700011C48 /* Sources */,
				F9DECA481C44F7B700011C48 /* Frameworks */,
				F9DECA491C44F7B700011C48 /* Resources */,
			);
			buildRules = (
			);
			dependencies = (
				F9DECA4D1C44F7B700011C48 /* PBXTargetDependency */,
			);
			name = CardScreenTests;
			productName = CardScreenTests;
			productReference = F9DECA4B1C44F7B700011C48 /* CardScreenTests.xctest */;
			productType = "com.apple.product-type.bundle.unit-test";
		};
		F9DECA551C44F7B700011C48 /* CardScreenUITests */ = {
			isa = PBXNativeTarget;
			buildConfigurationList = F9DECA651C44F7B700011C48 /* Build configuration list for PBXNativeTarget "CardScreenUITests" */;
			buildPhases = (
				F9DECA521C44F7B700011C48 /* Sources */,
				F9DECA531C44F7B700011C48 /* Frameworks */,
				F9DECA541C44F7B700011C48 /* Resources */,
			);
			buildRules = (
			);
			dependencies = (
				F9DECA581C44F7B700011C48 /* PBXTargetDependency */,
			);
			name = CardScreenUITests;
			productName = CardScreenUITests;
			productReference = F9DECA561C44F7B700011C48 /* CardScreenUITests.xctest */;
			productType = "com.apple.product-type.bundle.ui-testing";
		};
/* End PBXNativeTarget section */

/* Begin PBXProject section */
		F9DECA2F1C44F7B600011C48 /* Project object */ = {
			isa = PBXProject;
			attributes = {
				LastSwiftUpdateCheck = 0720;
				LastUpgradeCheck = 0720;
				ORGANIZATIONNAME = "Omega-R";
				TargetAttributes = {
					F9DECA361C44F7B600011C48 = {
						CreatedOnToolsVersion = 7.2;
					};
					F9DECA4A1C44F7B700011C48 = {
						CreatedOnToolsVersion = 7.2;
						TestTargetID = F9DECA361C44F7B600011C48;
					};
					F9DECA551C44F7B700011C48 = {
						CreatedOnToolsVersion = 7.2;
						TestTargetID = F9DECA361C44F7B600011C48;
					};
				};
			};
			buildConfigurationList = F9DECA321C44F7B600011C48 /* Build configuration list for PBXProject "CardScreen" */;
			compatibilityVersion = "Xcode 3.2";
			developmentRegion = English;
			hasScannedForEncodings = 0;
			knownRegions = (
				en,
				Base,
			);
			mainGroup = F9DECA2E1C44F7B600011C48;
			productRefGroup = F9DECA381C44F7B600011C48 /* Products */;
			projectDirPath = "";
			projectRoot = "";
			targets = (
				F9DECA361C44F7B600011C48 /* CardScreen */,
				F9DECA4A1C44F7B700011C48 /* CardScreenTests */,
				F9DECA551C44F7B700011C48 /* CardScreenUITests */,
			);
		};
/* End PBXProject section */

/* Begin PBXResourcesBuildPhase section */
		F9DECA351C44F7B600011C48 /* Resources */ = {
			isa = PBXResourcesBuildPhase;
			buildActionMask = 2147483647;
			files = (
				F92A707D1C45211D00931709 /* placeholder@3x.png in Resources */,
				F9DECA451C44F7B600011C48 /* LaunchScreen.storyboard in Resources */,
				F92A70851C45251900931709 /* card-data.plist in Resources */,
				F9DECA421C44F7B600011C48 /* Assets.xcassets in Resources */,
				F92A707C1C45211D00931709 /* placeholder@2x.png in Resources */,
				F9DECA401C44F7B600011C48 /* Main.storyboard in Resources */,
				F92A707B1C45211D00931709 /* placeholder.png in Resources */,
				F92A707F1C45213C00931709 /* image.png in Resources */,
			);
			runOnlyForDeploymentPostprocessing = 0;
		};
		F9DECA491C44F7B700011C48 /* Resources */ = {
			isa = PBXResourcesBuildPhase;
			buildActionMask = 2147483647;
			files = (
			);
			runOnlyForDeploymentPostprocessing = 0;
		};
		F9DECA541C44F7B700011C48 /* Resources */ = {
			isa = PBXResourcesBuildPhase;
			buildActionMask = 2147483647;
			files = (
			);
			runOnlyForDeploymentPostprocessing = 0;
		};
/* End PBXResourcesBuildPhase section */

/* Begin PBXShellScriptBuildPhase section */
		7B72098FF5659086A571CF41 /* Embed Pods Frameworks */ = {
			isa = PBXShellScriptBuildPhase;
			buildActionMask = 2147483647;
			files = (
			);
			inputPaths = (
			);
			name = "Embed Pods Frameworks";
			outputPaths = (
			);
			runOnlyForDeploymentPostprocessing = 0;
			shellPath = /bin/sh;
			shellScript = "\"${SRCROOT}/Pods/Target Support Files/Pods-CardScreen/Pods-CardScreen-frameworks.sh\"\n";
			showEnvVarsInLog = 0;
		};
		7D7F6D0108586D4CD8F028FB /* Copy Pods Resources */ = {
			isa = PBXShellScriptBuildPhase;
			buildActionMask = 2147483647;
			files = (
			);
			inputPaths = (
			);
			name = "Copy Pods Resources";
			outputPaths = (
			);
			runOnlyForDeploymentPostprocessing = 0;
			shellPath = /bin/sh;
			shellScript = "\"${SRCROOT}/Pods/Target Support Files/Pods-CardScreen/Pods-CardScreen-resources.sh\"\n";
			showEnvVarsInLog = 0;
		};
		C84BE7AB0F047E201E070BBA /* Check Pods Manifest.lock */ = {
			isa = PBXShellScriptBuildPhase;
			buildActionMask = 2147483647;
			files = (
			);
			inputPaths = (
			);
			name = "Check Pods Manifest.lock";
			outputPaths = (
			);
			runOnlyForDeploymentPostprocessing = 0;
			shellPath = /bin/sh;
			shellScript = "diff \"${PODS_ROOT}/../Podfile.lock\" \"${PODS_ROOT}/Manifest.lock\" > /dev/null\nif [[ $? != 0 ]] ; then\n    cat << EOM\nerror: The sandbox is not in sync with the Podfile.lock. Run 'pod install' or update your CocoaPods installation.\nEOM\n    exit 1\nfi\n";
			showEnvVarsInLog = 0;
		};
/* End PBXShellScriptBuildPhase section */

/* Begin PBXSourcesBuildPhase section */
		F9DECA331C44F7B600011C48 /* Sources */ = {
			isa = PBXSourcesBuildPhase;
			buildActionMask = 2147483647;
			files = (
				F92A708D1C454ABC00931709 /* CardItem.swift in Sources */,
				F9DECA3D1C44F7B600011C48 /* CardViewController.swift in Sources */,
				F9DECA3B1C44F7B600011C48 /* AppDelegate.swift in Sources */,
				F92A70891C45295B00931709 /* ListViewController.swift in Sources */,
				F92A708B1C452A3D00931709 /* CheckListProvider.swift in Sources */,
			);
			runOnlyForDeploymentPostprocessing = 0;
		};
		F9DECA471C44F7B700011C48 /* Sources */ = {
			isa = PBXSourcesBuildPhase;
			buildActionMask = 2147483647;
			files = (
				F9DECA501C44F7B700011C48 /* CardScreenTests.swift in Sources */,
			);
			runOnlyForDeploymentPostprocessing = 0;
		};
		F9DECA521C44F7B700011C48 /* Sources */ = {
			isa = PBXSourcesBuildPhase;
			buildActionMask = 2147483647;
			files = (
				F9DECA5B1C44F7B700011C48 /* CardScreenUITests.swift in Sources */,
			);
			runOnlyForDeploymentPostprocessing = 0;
		};
/* End PBXSourcesBuildPhase section */

/* Begin PBXTargetDependency section */
		F9DECA4D1C44F7B700011C48 /* PBXTargetDependency */ = {
			isa = PBXTargetDependency;
			target = F9DECA361C44F7B600011C48 /* CardScreen */;
			targetProxy = F9DECA4C1C44F7B700011C48 /* PBXContainerItemProxy */;
		};
		F9DECA581C44F7B700011C48 /* PBXTargetDependency */ = {
			isa = PBXTargetDependency;
			target = F9DECA361C44F7B600011C48 /* CardScreen */;
			targetProxy = F9DECA571C44F7B700011C48 /* PBXContainerItemProxy */;
		};
/* End PBXTargetDependency section */

/* Begin PBXVariantGroup section */
		F9DECA3E1C44F7B600011C48 /* Main.storyboard */ = {
			isa = PBXVariantGroup;
			children = (
				F9DECA3F1C44F7B600011C48 /* Base */,
			);
			name = Main.storyboard;
			path = ..;
			sourceTree = "<group>";
		};
		F9DECA431C44F7B600011C48 /* LaunchScreen.storyboard */ = {
			isa = PBXVariantGroup;
			children = (
				F9DECA441C44F7B600011C48 /* Base */,
			);
			name = LaunchScreen.storyboard;
			path = ..;
			sourceTree = "<group>";
		};
/* End PBXVariantGroup section */

/* Begin XCBuildConfiguration section */
		F9DECA5D1C44F7B700011C48 /* Debug */ = {
			isa = XCBuildConfiguration;
			buildSettings = {
				ALWAYS_SEARCH_USER_PATHS = NO;
				CLANG_CXX_LANGUAGE_STANDARD = "gnu++0x";
				CLANG_CXX_LIBRARY = "libc++";
				CLANG_ENABLE_MODULES = YES;
				CLANG_ENABLE_OBJC_ARC = YES;
				CLANG_WARN_BOOL_CONVERSION = YES;
				CLANG_WARN_CONSTANT_CONVERSION = YES;
				CLANG_WARN_DIRECT_OBJC_ISA_USAGE = YES_ERROR;
				CLANG_WARN_EMPTY_BODY = YES;
				CLANG_WARN_ENUM_CONVERSION = YES;
				CLANG_WARN_INT_CONVERSION = YES;
				CLANG_WARN_OBJC_ROOT_CLASS = YES_ERROR;
				CLANG_WARN_UNREACHABLE_CODE = YES;
				CLANG_WARN__DUPLICATE_METHOD_MATCH = YES;
				"CODE_SIGN_IDENTITY[sdk=iphoneos*]" = "iPhone Developer";
				COPY_PHASE_STRIP = NO;
				DEBUG_INFORMATION_FORMAT = dwarf;
				ENABLE_STRICT_OBJC_MSGSEND = YES;
				ENABLE_TESTABILITY = YES;
				GCC_C_LANGUAGE_STANDARD = gnu99;
				GCC_DYNAMIC_NO_PIC = NO;
				GCC_NO_COMMON_BLOCKS = YES;
				GCC_OPTIMIZATION_LEVEL = 0;
				GCC_PREPROCESSOR_DEFINITIONS = (
					"DEBUG=1",
					"$(inherited)",
				);
				GCC_WARN_64_TO_32_BIT_CONVERSION = YES;
				GCC_WARN_ABOUT_RETURN_TYPE = YES_ERROR;
				GCC_WARN_UNDECLARED_SELECTOR = YES;
				GCC_WARN_UNINITIALIZED_AUTOS = YES_AGGRESSIVE;
				GCC_WARN_UNUSED_FUNCTION = YES;
				GCC_WARN_UNUSED_VARIABLE = YES;
				IPHONEOS_DEPLOYMENT_TARGET = 9.2;
				MTL_ENABLE_DEBUG_INFO = YES;
				ONLY_ACTIVE_ARCH = YES;
				SDKROOT = iphoneos;
				SWIFT_OPTIMIZATION_LEVEL = "-Onone";
			};
			name = Debug;
		};
		F9DECA5E1C44F7B700011C48 /* Release */ = {
			isa = XCBuildConfiguration;
			buildSettings = {
				ALWAYS_SEARCH_USER_PATHS = NO;
				CLANG_CXX_LANGUAGE_STANDARD = "gnu++0x";
				CLANG_CXX_LIBRARY = "libc++";
				CLANG_ENABLE_MODULES = YES;
				CLANG_ENABLE_OBJC_ARC = YES;
				CLANG_WARN_BOOL_CONVERSION = YES;
				CLANG_WARN_CONSTANT_CONVERSION = YES;
				CLANG_WARN_DIRECT_OBJC_ISA_USAGE = YES_ERROR;
				CLANG_WARN_EMPTY_BODY = YES;
				CLANG_WARN_ENUM_CONVERSION = YES;
				CLANG_WARN_INT_CONVERSION = YES;
				CLANG_WARN_OBJC_ROOT_CLASS = YES_ERROR;
				CLANG_WARN_UNREACHABLE_CODE = YES;
				CLANG_WARN__DUPLICATE_METHOD_MATCH = YES;
				"CODE_SIGN_IDENTITY[sdk=iphoneos*]" = "iPhone Developer";
				COPY_PHASE_STRIP = NO;
				DEBUG_INFORMATION_FORMAT = "dwarf-with-dsym";
				ENABLE_NS_ASSERTIONS = NO;
				ENABLE_STRICT_OBJC_MSGSEND = YES;
				GCC_C_LANGUAGE_STANDARD = gnu99;
				GCC_NO_COMMON_BLOCKS = YES;
				GCC_WARN_64_TO_32_BIT_CONVERSION = YES;
				GCC_WARN_ABOUT_RETURN_TYPE = YES_ERROR;
				GCC_WARN_UNDECLARED_SELECTOR = YES;
				GCC_WARN_UNINITIALIZED_AUTOS = YES_AGGRESSIVE;
				GCC_WARN_UNUSED_FUNCTION = YES;
				GCC_WARN_UNUSED_VARIABLE = YES;
				IPHONEOS_DEPLOYMENT_TARGET = 9.2;
				MTL_ENABLE_DEBUG_INFO = NO;
				SDKROOT = iphoneos;
				VALIDATE_PRODUCT = YES;
			};
			name = Release;
		};
		F9DECA601C44F7B700011C48 /* Debug */ = {
			isa = XCBuildConfiguration;
			baseConfigurationReference = 823BFE6EAE1B003910864791 /* Pods-CardScreen.debug.xcconfig */;
			buildSettings = {
				ASSETCATALOG_COMPILER_APPICON_NAME = AppIcon;
				INFOPLIST_FILE = CardScreen/Info.plist;
				IPHONEOS_DEPLOYMENT_TARGET = 8.0;
				LD_RUNPATH_SEARCH_PATHS = "$(inherited) @executable_path/Frameworks";
				PRODUCT_BUNDLE_IDENTIFIER = "ru.omega-r.CardScreen";
				PRODUCT_NAME = "$(TARGET_NAME)";
			};
			name = Debug;
		};
		F9DECA611C44F7B700011C48 /* Release */ = {
			isa = XCBuildConfiguration;
			baseConfigurationReference = 365AF6A0A6ABB756BC00DA9E /* Pods-CardScreen.release.xcconfig */;
			buildSettings = {
				ASSETCATALOG_COMPILER_APPICON_NAME = AppIcon;
				INFOPLIST_FILE = CardScreen/Info.plist;
				IPHONEOS_DEPLOYMENT_TARGET = 8.0;
				LD_RUNPATH_SEARCH_PATHS = "$(inherited) @executable_path/Frameworks";
				PRODUCT_BUNDLE_IDENTIFIER = "ru.omega-r.CardScreen";
				PRODUCT_NAME = "$(TARGET_NAME)";
			};
			name = Release;
		};
		F9DECA631C44F7B700011C48 /* Debug */ = {
			isa = XCBuildConfiguration;
			buildSettings = {
				BUNDLE_LOADER = "$(TEST_HOST)";
				INFOPLIST_FILE = CardScreenTests/Info.plist;
				LD_RUNPATH_SEARCH_PATHS = "$(inherited) @executable_path/Frameworks @loader_path/Frameworks";
				PRODUCT_BUNDLE_IDENTIFIER = "ru.omega-r.CardScreenTests";
				PRODUCT_NAME = "$(TARGET_NAME)";
				TEST_HOST = "$(BUILT_PRODUCTS_DIR)/CardScreen.app/CardScreen";
			};
			name = Debug;
		};
		F9DECA641C44F7B700011C48 /* Release */ = {
			isa = XCBuildConfiguration;
			buildSettings = {
				BUNDLE_LOADER = "$(TEST_HOST)";
				INFOPLIST_FILE = CardScreenTests/Info.plist;
				LD_RUNPATH_SEARCH_PATHS = "$(inherited) @executable_path/Frameworks @loader_path/Frameworks";
				PRODUCT_BUNDLE_IDENTIFIER = "ru.omega-r.CardScreenTests";
				PRODUCT_NAME = "$(TARGET_NAME)";
				TEST_HOST = "$(BUILT_PRODUCTS_DIR)/CardScreen.app/CardScreen";
			};
			name = Release;
		};
		F9DECA661C44F7B700011C48 /* Debug */ = {
			isa = XCBuildConfiguration;
			buildSettings = {
				INFOPLIST_FILE = CardScreenUITests/Info.plist;
				LD_RUNPATH_SEARCH_PATHS = "$(inherited) @executable_path/Frameworks @loader_path/Frameworks";
				PRODUCT_BUNDLE_IDENTIFIER = "ru.omega-r.CardScreenUITests";
				PRODUCT_NAME = "$(TARGET_NAME)";
				TEST_TARGET_NAME = CardScreen;
				USES_XCTRUNNER = YES;
			};
			name = Debug;
		};
		F9DECA671C44F7B700011C48 /* Release */ = {
			isa = XCBuildConfiguration;
			buildSettings = {
				INFOPLIST_FILE = CardScreenUITests/Info.plist;
				LD_RUNPATH_SEARCH_PATHS = "$(inherited) @executable_path/Frameworks @loader_path/Frameworks";
				PRODUCT_BUNDLE_IDENTIFIER = "ru.omega-r.CardScreenUITests";
				PRODUCT_NAME = "$(TARGET_NAME)";
				TEST_TARGET_NAME = CardScreen;
				USES_XCTRUNNER = YES;
			};
			name = Release;
		};
/* End XCBuildConfiguration section */

/* Begin XCConfigurationList section */
		F9DECA321C44F7B600011C48 /* Build configuration list for PBXProject "CardScreen" */ = {
			isa = XCConfigurationList;
			buildConfigurations = (
				F9DECA5D1C44F7B700011C48 /* Debug */,
				F9DECA5E1C44F7B700011C48 /* Release */,
			);
			defaultConfigurationIsVisible = 0;
			defaultConfigurationName = Release;
		};
		F9DECA5F1C44F7B700011C48 /* Build configuration list for PBXNativeTarget "CardScreen" */ = {
			isa = XCConfigurationList;
			buildConfigurations = (
				F9DECA601C44F7B700011C48 /* Debug */,
				F9DECA611C44F7B700011C48 /* Release */,
			);
			defaultConfigurationIsVisible = 0;
			defaultConfigurationName = Release;
		};
		F9DECA621C44F7B700011C48 /* Build configuration list for PBXNativeTarget "CardScreenTests" */ = {
			isa = XCConfigurationList;
			buildConfigurations = (
				F9DECA631C44F7B700011C48 /* Debug */,
				F9DECA641C44F7B700011C48 /* Release */,
			);
			defaultConfigurationIsVisible = 0;
			defaultConfigurationName = Release;
		};
		F9DECA651C44F7B700011C48 /* Build configuration list for PBXNativeTarget "CardScreenUITests" */ = {
			isa = XCConfigurationList;
			buildConfigurations = (
				F9DECA661C44F7B700011C48 /* Debug */,
				F9DECA671C44F7B700011C48 /* Release */,
			);
			defaultConfigurationIsVisible = 0;
			defaultConfigurationName = Release;
		};
/* End XCConfigurationList section */
	};
	rootObject = F9DECA2F1C44F7B600011C48 /* Project object */;
}
